// !$*UTF8*$!
{
	archiveVersion = 1;
	classes = {
	};
	objectVersion = 56;
	objects = {

/* Begin PBXBuildFile section */
		8F12689D2A247C8C006F8B78 /* MemoViewController.swift in Sources */ = {isa = PBXBuildFile; fileRef = 8F12689C2A247C8C006F8B78 /* MemoViewController.swift */; };
		8F12689F2A247CBA006F8B78 /* SearchViewController.swift in Sources */ = {isa = PBXBuildFile; fileRef = 8F12689E2A247CBA006F8B78 /* SearchViewController.swift */; };
		8F1268A12A247D40006F8B78 /* Memo.swift in Sources */ = {isa = PBXBuildFile; fileRef = 8F1268A02A247D3F006F8B78 /* Memo.swift */; };
		8F1268A32A247E65006F8B78 /* MemoViewModel.swift in Sources */ = {isa = PBXBuildFile; fileRef = 8F1268A22A247E65006F8B78 /* MemoViewModel.swift */; };
		8F1268A52A247F40006F8B78 /* MemoStoryboard.storyboard in Resources */ = {isa = PBXBuildFile; fileRef = 8F1268A42A247F40006F8B78 /* MemoStoryboard.storyboard */; };
		8F1268A72A247FA1006F8B78 /* MemoCell.swift in Sources */ = {isa = PBXBuildFile; fileRef = 8F1268A62A247FA1006F8B78 /* MemoCell.swift */; };
		8F1268A92A248160006F8B78 /* AddMemoViewController.swift in Sources */ = {isa = PBXBuildFile; fileRef = 8F1268A82A248160006F8B78 /* AddMemoViewController.swift */; };
		8F12B6522A1DD7A8006EDD67 /* TaskCell.swift in Sources */ = {isa = PBXBuildFile; fileRef = 8F12B6512A1DD7A8006EDD67 /* TaskCell.swift */; };
		8F12B6562A1DE872006EDD67 /* TaskCell.xib in Resources */ = {isa = PBXBuildFile; fileRef = 8F12B6542A1DE872006EDD67 /* TaskCell.xib */; };
		8F12B6582A1DEA91006EDD67 /* TasksStoryboard.storyboard in Resources */ = {isa = PBXBuildFile; fileRef = 8F12B6572A1DEA91006EDD67 /* TasksStoryboard.storyboard */; };
		8F354B4F2A1F134700942F5B /* TaskCellViewModel.swift in Sources */ = {isa = PBXBuildFile; fileRef = 8F354B4E2A1F134700942F5B /* TaskCellViewModel.swift */; };
		8F35874E2A258E5E00B965FA /* SearchStoryboard.storyboard in Resources */ = {isa = PBXBuildFile; fileRef = 8F35874D2A258E5E00B965FA /* SearchStoryboard.storyboard */; };
		8F3587512A2595F400B965FA /* SearchCell.swift in Sources */ = {isa = PBXBuildFile; fileRef = 8F35874F2A2595F400B965FA /* SearchCell.swift */; };
		8F3587522A2595F400B965FA /* SearchCell.xib in Resources */ = {isa = PBXBuildFile; fileRef = 8F3587502A2595F400B965FA /* SearchCell.xib */; };
		8F3587542A25972E00B965FA /* SearchCellViewModel.swift in Sources */ = {isa = PBXBuildFile; fileRef = 8F3587532A25972E00B965FA /* SearchCellViewModel.swift */; };
		8F3587592A25ACC400B965FA /* PopoverViewController.swift in Sources */ = {isa = PBXBuildFile; fileRef = 8F3587572A25ACC400B965FA /* PopoverViewController.swift */; };
		8F35875A2A25ACC400B965FA /* PopoverViewController.xib in Resources */ = {isa = PBXBuildFile; fileRef = 8F3587582A25ACC400B965FA /* PopoverViewController.xib */; };
		8F4A28E52A1D9EDD00077CD9 /* Action in Frameworks */ = {isa = PBXBuildFile; productRef = 8F4A28E42A1D9EDD00077CD9 /* Action */; };
		8F4A28E72A1D9F4B00077CD9 /* Section.swift in Sources */ = {isa = PBXBuildFile; fileRef = 8F4A28E62A1D9F4B00077CD9 /* Section.swift */; };
		8F4A28E92A1DA2F400077CD9 /* AddViewController.swift in Sources */ = {isa = PBXBuildFile; fileRef = 8F4A28E82A1DA2F400077CD9 /* AddViewController.swift */; };
		8F4A28EB2A1DA7B400077CD9 /* AddStoryboard.storyboard in Resources */ = {isa = PBXBuildFile; fileRef = 8F4A28EA2A1DA7B400077CD9 /* AddStoryboard.storyboard */; };
		8F65F5EB2A1F58F0000014A8 /* Extension.swift in Sources */ = {isa = PBXBuildFile; fileRef = 8F65F5EA2A1F58F0000014A8 /* Extension.swift */; };
		8F88F0DD2A1D96320053F70F /* AppDelegate.swift in Sources */ = {isa = PBXBuildFile; fileRef = 8F88F0DC2A1D96320053F70F /* AppDelegate.swift */; };
		8F88F0DF2A1D96320053F70F /* SceneDelegate.swift in Sources */ = {isa = PBXBuildFile; fileRef = 8F88F0DE2A1D96320053F70F /* SceneDelegate.swift */; };
		8F88F0E72A1D96320053F70F /* RXToDoList.xcdatamodeld in Sources */ = {isa = PBXBuildFile; fileRef = 8F88F0E52A1D96320053F70F /* RXToDoList.xcdatamodeld */; };
		8F88F0E92A1D96330053F70F /* Assets.xcassets in Resources */ = {isa = PBXBuildFile; fileRef = 8F88F0E82A1D96330053F70F /* Assets.xcassets */; };
		8F88F0EC2A1D96330053F70F /* LaunchScreen.storyboard in Resources */ = {isa = PBXBuildFile; fileRef = 8F88F0EA2A1D96330053F70F /* LaunchScreen.storyboard */; };
		8F88F0F62A1D964B0053F70F /* TaskViewModel.swift in Sources */ = {isa = PBXBuildFile; fileRef = 8F88F0F52A1D964B0053F70F /* TaskViewModel.swift */; };
		8F88F0F82A1D964F0053F70F /* Task.swift in Sources */ = {isa = PBXBuildFile; fileRef = 8F88F0F72A1D964F0053F70F /* Task.swift */; };
		8F88F0FF2A1D96E60053F70F /* NSObject-Rx in Frameworks */ = {isa = PBXBuildFile; productRef = 8F88F0FE2A1D96E60053F70F /* NSObject-Rx */; };
		8F88F1022A1D96F20053F70F /* RxDataSources in Frameworks */ = {isa = PBXBuildFile; productRef = 8F88F1012A1D96F20053F70F /* RxDataSources */; };
		8F88F1052A1D97010053F70F /* RxCocoa in Frameworks */ = {isa = PBXBuildFile; productRef = 8F88F1042A1D97010053F70F /* RxCocoa */; };
		8F88F1072A1D97010053F70F /* RxSwift in Frameworks */ = {isa = PBXBuildFile; productRef = 8F88F1062A1D97010053F70F /* RxSwift */; };
		8FC253E22A24836000167134 /* AddMemoStoryboard.storyboard in Resources */ = {isa = PBXBuildFile; fileRef = 8FC253E12A24836000167134 /* AddMemoStoryboard.storyboard */; };
		8FC253E62A2489D800167134 /* MemoCellViewModel.swift in Sources */ = {isa = PBXBuildFile; fileRef = 8FC253E52A2489D800167134 /* MemoCellViewModel.swift */; };
		8FD9FCAD2A1D9AB800270C53 /* TasksViewController.swift in Sources */ = {isa = PBXBuildFile; fileRef = 8FD9FCAC2A1D9AB800270C53 /* TasksViewController.swift */; };
		8FE04FDB2A1DBD5800DD2D50 /* CalendarViewController.swift in Sources */ = {isa = PBXBuildFile; fileRef = 8FE04FDA2A1DBD5800DD2D50 /* CalendarViewController.swift */; };
		8FE04FDD2A1DBE2200DD2D50 /* CalendarStoryboard.storyboard in Resources */ = {isa = PBXBuildFile; fileRef = 8FE04FDC2A1DBE2200DD2D50 /* CalendarStoryboard.storyboard */; };
		8FE04FE02A1DBEFB00DD2D50 /* FSCalendar in Frameworks */ = {isa = PBXBuildFile; productRef = 8FE04FDF2A1DBEFB00DD2D50 /* FSCalendar */; };
/* End PBXBuildFile section */

/* Begin PBXFileReference section */
		8F12689C2A247C8C006F8B78 /* MemoViewController.swift */ = {isa = PBXFileReference; lastKnownFileType = sourcecode.swift; name = MemoViewController.swift; path = RxToDoList/ViewController/MemoViewController.swift; sourceTree = SOURCE_ROOT; };
		8F12689E2A247CBA006F8B78 /* SearchViewController.swift */ = {isa = PBXFileReference; lastKnownFileType = sourcecode.swift; name = SearchViewController.swift; path = RxToDoList/ViewController/SearchViewController.swift; sourceTree = SOURCE_ROOT; };
		8F1268A02A247D3F006F8B78 /* Memo.swift */ = {isa = PBXFileReference; lastKnownFileType = sourcecode.swift; name = Memo.swift; path = RxToDoList/Model/Memo.swift; sourceTree = SOURCE_ROOT; };
		8F1268A22A247E65006F8B78 /* MemoViewModel.swift */ = {isa = PBXFileReference; lastKnownFileType = sourcecode.swift; name = MemoViewModel.swift; path = RxToDoList/ViewModel/MemoViewModel.swift; sourceTree = SOURCE_ROOT; };
		8F1268A42A247F40006F8B78 /* MemoStoryboard.storyboard */ = {isa = PBXFileReference; lastKnownFileType = file.storyboard; name = MemoStoryboard.storyboard; path = RxToDoList/View/MemoStoryboard.storyboard; sourceTree = SOURCE_ROOT; };
		8F1268A62A247FA1006F8B78 /* MemoCell.swift */ = {isa = PBXFileReference; lastKnownFileType = sourcecode.swift; name = MemoCell.swift; path = RxToDoList/View/MemoCell.swift; sourceTree = SOURCE_ROOT; };
		8F1268A82A248160006F8B78 /* AddMemoViewController.swift */ = {isa = PBXFileReference; lastKnownFileType = sourcecode.swift; name = AddMemoViewController.swift; path = RxToDoList/ViewController/AddMemoViewController.swift; sourceTree = SOURCE_ROOT; };
		8F12B6512A1DD7A8006EDD67 /* TaskCell.swift */ = {isa = PBXFileReference; lastKnownFileType = sourcecode.swift; name = TaskCell.swift; path = RxToDoList/View/TaskCell.swift; sourceTree = SOURCE_ROOT; };
		8F12B6542A1DE872006EDD67 /* TaskCell.xib */ = {isa = PBXFileReference; lastKnownFileType = file.xib; name = TaskCell.xib; path = RxToDoList/View/TaskCell.xib; sourceTree = SOURCE_ROOT; };
		8F12B6572A1DEA91006EDD67 /* TasksStoryboard.storyboard */ = {isa = PBXFileReference; lastKnownFileType = file.storyboard; name = TasksStoryboard.storyboard; path = RxToDoList/View/TasksStoryboard.storyboard; sourceTree = SOURCE_ROOT; };
		8F354B4E2A1F134700942F5B /* TaskCellViewModel.swift */ = {isa = PBXFileReference; lastKnownFileType = sourcecode.swift; name = TaskCellViewModel.swift; path = RxToDoList/ViewModel/TaskCellViewModel.swift; sourceTree = SOURCE_ROOT; };
		8F35874D2A258E5E00B965FA /* SearchStoryboard.storyboard */ = {isa = PBXFileReference; lastKnownFileType = file.storyboard; name = SearchStoryboard.storyboard; path = RxToDoList/View/SearchStoryboard.storyboard; sourceTree = SOURCE_ROOT; };
		8F35874F2A2595F400B965FA /* SearchCell.swift */ = {isa = PBXFileReference; lastKnownFileType = sourcecode.swift; name = SearchCell.swift; path = RxToDoList/View/SearchCell.swift; sourceTree = SOURCE_ROOT; };
		8F3587502A2595F400B965FA /* SearchCell.xib */ = {isa = PBXFileReference; lastKnownFileType = file.xib; name = SearchCell.xib; path = RxToDoList/View/SearchCell.xib; sourceTree = SOURCE_ROOT; };
		8F3587532A25972E00B965FA /* SearchCellViewModel.swift */ = {isa = PBXFileReference; lastKnownFileType = sourcecode.swift; name = SearchCellViewModel.swift; path = RxToDoList/ViewModel/SearchCellViewModel.swift; sourceTree = SOURCE_ROOT; };
		8F3587572A25ACC400B965FA /* PopoverViewController.swift */ = {isa = PBXFileReference; lastKnownFileType = sourcecode.swift; name = PopoverViewController.swift; path = RXToDoList/Utils/PopoverViewController.swift; sourceTree = SOURCE_ROOT; };
		8F3587582A25ACC400B965FA /* PopoverViewController.xib */ = {isa = PBXFileReference; lastKnownFileType = file.xib; name = PopoverViewController.xib; path = RXToDoList/Utils/PopoverViewController.xib; sourceTree = SOURCE_ROOT; };
		8F4A28E62A1D9F4B00077CD9 /* Section.swift */ = {isa = PBXFileReference; lastKnownFileType = sourcecode.swift; path = Section.swift; sourceTree = "<group>"; };
		8F4A28E82A1DA2F400077CD9 /* AddViewController.swift */ = {isa = PBXFileReference; lastKnownFileType = sourcecode.swift; path = AddViewController.swift; sourceTree = "<group>"; };
		8F4A28EA2A1DA7B400077CD9 /* AddStoryboard.storyboard */ = {isa = PBXFileReference; lastKnownFileType = file.storyboard; path = AddStoryboard.storyboard; sourceTree = "<group>"; };
		8F65F5EA2A1F58F0000014A8 /* Extension.swift */ = {isa = PBXFileReference; fileEncoding = 4; lastKnownFileType = sourcecode.swift; name = Extension.swift; path = RxToDoList/Utils/Extension.swift; sourceTree = SOURCE_ROOT; };
		8F88F0D92A1D96320053F70F /* RxToDoList.app */ = {isa = PBXFileReference; explicitFileType = wrapper.application; includeInIndex = 0; path = RxToDoList.app; sourceTree = BUILT_PRODUCTS_DIR; };
		8F88F0DC2A1D96320053F70F /* AppDelegate.swift */ = {isa = PBXFileReference; lastKnownFileType = sourcecode.swift; path = AppDelegate.swift; sourceTree = "<group>"; };
		8F88F0DE2A1D96320053F70F /* SceneDelegate.swift */ = {isa = PBXFileReference; lastKnownFileType = sourcecode.swift; path = SceneDelegate.swift; sourceTree = "<group>"; };
		8F88F0E62A1D96320053F70F /* RXToDoList.xcdatamodel */ = {isa = PBXFileReference; lastKnownFileType = wrapper.xcdatamodel; path = RXToDoList.xcdatamodel; sourceTree = "<group>"; };
		8F88F0E82A1D96330053F70F /* Assets.xcassets */ = {isa = PBXFileReference; lastKnownFileType = folder.assetcatalog; path = Assets.xcassets; sourceTree = "<group>"; };
		8F88F0EB2A1D96330053F70F /* Base */ = {isa = PBXFileReference; lastKnownFileType = file.storyboard; name = Base; path = Base.lproj/LaunchScreen.storyboard; sourceTree = "<group>"; };
		8F88F0ED2A1D96330053F70F /* Info.plist */ = {isa = PBXFileReference; lastKnownFileType = text.plist.xml; path = Info.plist; sourceTree = "<group>"; };
		8F88F0F52A1D964B0053F70F /* TaskViewModel.swift */ = {isa = PBXFileReference; lastKnownFileType = sourcecode.swift; path = TaskViewModel.swift; sourceTree = "<group>"; };
		8F88F0F72A1D964F0053F70F /* Task.swift */ = {isa = PBXFileReference; lastKnownFileType = sourcecode.swift; path = Task.swift; sourceTree = "<group>"; };
		8FC253E12A24836000167134 /* AddMemoStoryboard.storyboard */ = {isa = PBXFileReference; lastKnownFileType = file.storyboard; name = AddMemoStoryboard.storyboard; path = RxToDoList/View/AddMemoStoryboard.storyboard; sourceTree = SOURCE_ROOT; };
		8FC253E52A2489D800167134 /* MemoCellViewModel.swift */ = {isa = PBXFileReference; lastKnownFileType = sourcecode.swift; name = MemoCellViewModel.swift; path = RxToDoList/ViewModel/MemoCellViewModel.swift; sourceTree = SOURCE_ROOT; };
		8FD9FCAC2A1D9AB800270C53 /* TasksViewController.swift */ = {isa = PBXFileReference; lastKnownFileType = sourcecode.swift; path = TasksViewController.swift; sourceTree = "<group>"; };
		8FE04FDA2A1DBD5800DD2D50 /* CalendarViewController.swift */ = {isa = PBXFileReference; lastKnownFileType = sourcecode.swift; path = CalendarViewController.swift; sourceTree = "<group>"; };
		8FE04FDC2A1DBE2200DD2D50 /* CalendarStoryboard.storyboard */ = {isa = PBXFileReference; lastKnownFileType = file.storyboard; path = CalendarStoryboard.storyboard; sourceTree = "<group>"; };
/* End PBXFileReference section */

/* Begin PBXFrameworksBuildPhase section */
		8F88F0D62A1D96320053F70F /* Frameworks */ = {
			isa = PBXFrameworksBuildPhase;
			buildActionMask = 2147483647;
			files = (
				8F4A28E52A1D9EDD00077CD9 /* Action in Frameworks */,
				8FE04FE02A1DBEFB00DD2D50 /* FSCalendar in Frameworks */,
				8F88F1052A1D97010053F70F /* RxCocoa in Frameworks */,
				8F88F0FF2A1D96E60053F70F /* NSObject-Rx in Frameworks */,
				8F88F1072A1D97010053F70F /* RxSwift in Frameworks */,
				8F88F1022A1D96F20053F70F /* RxDataSources in Frameworks */,
			);
			runOnlyForDeploymentPostprocessing = 0;
		};
/* End PBXFrameworksBuildPhase section */

/* Begin PBXGroup section */
		8F65F5E72A1F5719000014A8 /* Utils */ = {
			isa = PBXGroup;
			children = (
				8F65F5EA2A1F58F0000014A8 /* Extension.swift */,
				8F3587572A25ACC400B965FA /* PopoverViewController.swift */,
				8F3587582A25ACC400B965FA /* PopoverViewController.xib */,
			);
			path = Utils;
			sourceTree = "<group>";
		};
		8F88F0D02A1D96310053F70F = {
			isa = PBXGroup;
			children = (
				8F88F0DB2A1D96320053F70F /* RXToDoList */,
				8F88F0DA2A1D96320053F70F /* Products */,
			);
			sourceTree = "<group>";
		};
		8F88F0DA2A1D96320053F70F /* Products */ = {
			isa = PBXGroup;
			children = (
				8F88F0D92A1D96320053F70F /* RxToDoList.app */,
			);
			name = Products;
			sourceTree = "<group>";
		};
		8F88F0DB2A1D96320053F70F /* RXToDoList */ = {
			isa = PBXGroup;
			children = (
				8F88F0DC2A1D96320053F70F /* AppDelegate.swift */,
				8F88F0DE2A1D96320053F70F /* SceneDelegate.swift */,
				8F88F0F92A1D96540053F70F /* Model */,
				8F88F0FA2A1D96550053F70F /* View */,
				8F88F0FC2A1D96560053F70F /* ViewModel */,
				8F88F0FB2A1D96550053F70F /* ViewController */,
				8F65F5E72A1F5719000014A8 /* Utils */,
				8F88F0E82A1D96330053F70F /* Assets.xcassets */,
				8F88F0EA2A1D96330053F70F /* LaunchScreen.storyboard */,
				8F88F0ED2A1D96330053F70F /* Info.plist */,
				8F88F0E52A1D96320053F70F /* RXToDoList.xcdatamodeld */,
			);
			path = RXToDoList;
			sourceTree = "<group>";
		};
		8F88F0F92A1D96540053F70F /* Model */ = {
			isa = PBXGroup;
			children = (
				8F88F0F72A1D964F0053F70F /* Task.swift */,
				8F4A28E62A1D9F4B00077CD9 /* Section.swift */,
				8F1268A02A247D3F006F8B78 /* Memo.swift */,
			);
			path = Model;
			sourceTree = "<group>";
		};
		8F88F0FA2A1D96550053F70F /* View */ = {
			isa = PBXGroup;
			children = (
				8F12B6572A1DEA91006EDD67 /* TasksStoryboard.storyboard */,
				8F12B6542A1DE872006EDD67 /* TaskCell.xib */,
				8F12B6512A1DD7A8006EDD67 /* TaskCell.swift */,
				8F4A28EA2A1DA7B400077CD9 /* AddStoryboard.storyboard */,
				8FE04FDC2A1DBE2200DD2D50 /* CalendarStoryboard.storyboard */,
				8F1268A42A247F40006F8B78 /* MemoStoryboard.storyboard */,
				8FC253E12A24836000167134 /* AddMemoStoryboard.storyboard */,
				8F1268A62A247FA1006F8B78 /* MemoCell.swift */,
				8F35874D2A258E5E00B965FA /* SearchStoryboard.storyboard */,
				8F3587502A2595F400B965FA /* SearchCell.xib */,
				8F35874F2A2595F400B965FA /* SearchCell.swift */,
			);
			path = View;
			sourceTree = "<group>";
		};
		8F88F0FB2A1D96550053F70F /* ViewController */ = {
			isa = PBXGroup;
			children = (
				8FD9FCAC2A1D9AB800270C53 /* TasksViewController.swift */,
				8F4A28E82A1DA2F400077CD9 /* AddViewController.swift */,
				8FE04FDA2A1DBD5800DD2D50 /* CalendarViewController.swift */,
				8F12689C2A247C8C006F8B78 /* MemoViewController.swift */,
				8F1268A82A248160006F8B78 /* AddMemoViewController.swift */,
				8F12689E2A247CBA006F8B78 /* SearchViewController.swift */,
			);
			path = ViewController;
			sourceTree = "<group>";
		};
		8F88F0FC2A1D96560053F70F /* ViewModel */ = {
			isa = PBXGroup;
			children = (
				8F88F0F52A1D964B0053F70F /* TaskViewModel.swift */,
				8F354B4E2A1F134700942F5B /* TaskCellViewModel.swift */,
				8F1268A22A247E65006F8B78 /* MemoViewModel.swift */,
				8FC253E52A2489D800167134 /* MemoCellViewModel.swift */,
				8F3587532A25972E00B965FA /* SearchCellViewModel.swift */,
			);
			path = ViewModel;
			sourceTree = "<group>";
		};
/* End PBXGroup section */

/* Begin PBXNativeTarget section */
		8F88F0D82A1D96320053F70F /* RxToDoList */ = {
			isa = PBXNativeTarget;
			buildConfigurationList = 8F88F0F02A1D96330053F70F /* Build configuration list for PBXNativeTarget "RxToDoList" */;
			buildPhases = (
				8F88F0D52A1D96320053F70F /* Sources */,
				8F88F0D62A1D96320053F70F /* Frameworks */,
				8F88F0D72A1D96320053F70F /* Resources */,
			);
			buildRules = (
			);
			dependencies = (
			);
			name = RxToDoList;
			packageProductDependencies = (
				8F88F0FE2A1D96E60053F70F /* NSObject-Rx */,
				8F88F1012A1D96F20053F70F /* RxDataSources */,
				8F88F1042A1D97010053F70F /* RxCocoa */,
				8F88F1062A1D97010053F70F /* RxSwift */,
				8F4A28E42A1D9EDD00077CD9 /* Action */,
				8FE04FDF2A1DBEFB00DD2D50 /* FSCalendar */,
			);
			productName = RXToDoList;
			productReference = 8F88F0D92A1D96320053F70F /* RxToDoList.app */;
			productType = "com.apple.product-type.application";
		};
/* End PBXNativeTarget section */

/* Begin PBXProject section */
		8F88F0D12A1D96310053F70F /* Project object */ = {
			isa = PBXProject;
			attributes = {
				BuildIndependentTargetsInParallel = 1;
				LastSwiftUpdateCheck = 1430;
				LastUpgradeCheck = 1430;
				TargetAttributes = {
					8F88F0D82A1D96320053F70F = {
						CreatedOnToolsVersion = 14.3;
					};
				};
			};
			buildConfigurationList = 8F88F0D42A1D96310053F70F /* Build configuration list for PBXProject "RxToDoList" */;
			compatibilityVersion = "Xcode 14.0";
			developmentRegion = en;
			hasScannedForEncodings = 0;
			knownRegions = (
				en,
				Base,
			);
			mainGroup = 8F88F0D02A1D96310053F70F;
			packageReferences = (
				8F88F0FD2A1D96E60053F70F /* XCRemoteSwiftPackageReference "NSObject-Rx" */,
				8F88F1002A1D96F20053F70F /* XCRemoteSwiftPackageReference "RxDataSources" */,
				8F88F1032A1D97010053F70F /* XCRemoteSwiftPackageReference "RxSwift" */,
				8F4A28E32A1D9EDD00077CD9 /* XCRemoteSwiftPackageReference "Action" */,
				8FE04FDE2A1DBEFA00DD2D50 /* XCRemoteSwiftPackageReference "FSCalendar" */,
			);
			productRefGroup = 8F88F0DA2A1D96320053F70F /* Products */;
			projectDirPath = "";
			projectRoot = "";
			targets = (
				8F88F0D82A1D96320053F70F /* RxToDoList */,
			);
		};
/* End PBXProject section */

/* Begin PBXResourcesBuildPhase section */
		8F88F0D72A1D96320053F70F /* Resources */ = {
			isa = PBXResourcesBuildPhase;
			buildActionMask = 2147483647;
			files = (
				8F88F0EC2A1D96330053F70F /* LaunchScreen.storyboard in Resources */,
				8F12B6562A1DE872006EDD67 /* TaskCell.xib in Resources */,
				8F12B6582A1DEA91006EDD67 /* TasksStoryboard.storyboard in Resources */,
				8FC253E22A24836000167134 /* AddMemoStoryboard.storyboard in Resources */,
				8F1268A52A247F40006F8B78 /* MemoStoryboard.storyboard in Resources */,
				8F3587522A2595F400B965FA /* SearchCell.xib in Resources */,
				8F35875A2A25ACC400B965FA /* PopoverViewController.xib in Resources */,
				8F88F0E92A1D96330053F70F /* Assets.xcassets in Resources */,
				8FE04FDD2A1DBE2200DD2D50 /* CalendarStoryboard.storyboard in Resources */,
				8F4A28EB2A1DA7B400077CD9 /* AddStoryboard.storyboard in Resources */,
				8F35874E2A258E5E00B965FA /* SearchStoryboard.storyboard in Resources */,
			);
			runOnlyForDeploymentPostprocessing = 0;
		};
/* End PBXResourcesBuildPhase section */

/* Begin PBXSourcesBuildPhase section */
		8F88F0D52A1D96320053F70F /* Sources */ = {
			isa = PBXSourcesBuildPhase;
			buildActionMask = 2147483647;
			files = (
				8F12689F2A247CBA006F8B78 /* SearchViewController.swift in Sources */,
				8F88F0F82A1D964F0053F70F /* Task.swift in Sources */,
				8FD9FCAD2A1D9AB800270C53 /* TasksViewController.swift in Sources */,
				8F1268A12A247D40006F8B78 /* Memo.swift in Sources */,
				8F4A28E92A1DA2F400077CD9 /* AddViewController.swift in Sources */,
				8F12689D2A247C8C006F8B78 /* MemoViewController.swift in Sources */,
				8FE04FDB2A1DBD5800DD2D50 /* CalendarViewController.swift in Sources */,
				8F3587592A25ACC400B965FA /* PopoverViewController.swift in Sources */,
				8F3587542A25972E00B965FA /* SearchCellViewModel.swift in Sources */,
				8F1268A92A248160006F8B78 /* AddMemoViewController.swift in Sources */,
				8F88F0DD2A1D96320053F70F /* AppDelegate.swift in Sources */,
				8F3587512A2595F400B965FA /* SearchCell.swift in Sources */,
				8F88F0DF2A1D96320053F70F /* SceneDelegate.swift in Sources */,
				8F1268A32A247E65006F8B78 /* MemoViewModel.swift in Sources */,
				8FC253E62A2489D800167134 /* MemoCellViewModel.swift in Sources */,
				8F4A28E72A1D9F4B00077CD9 /* Section.swift in Sources */,
				8F12B6522A1DD7A8006EDD67 /* TaskCell.swift in Sources */,
				8F88F0F62A1D964B0053F70F /* TaskViewModel.swift in Sources */,
				8F65F5EB2A1F58F0000014A8 /* Extension.swift in Sources */,
				8F354B4F2A1F134700942F5B /* TaskCellViewModel.swift in Sources */,
				8F88F0E72A1D96320053F70F /* RXToDoList.xcdatamodeld in Sources */,
				8F1268A72A247FA1006F8B78 /* MemoCell.swift in Sources */,
			);
			runOnlyForDeploymentPostprocessing = 0;
		};
/* End PBXSourcesBuildPhase section */

/* Begin PBXVariantGroup section */
		8F88F0EA2A1D96330053F70F /* LaunchScreen.storyboard */ = {
			isa = PBXVariantGroup;
			children = (
				8F88F0EB2A1D96330053F70F /* Base */,
			);
			name = LaunchScreen.storyboard;
			sourceTree = "<group>";
		};
/* End PBXVariantGroup section */

/* Begin XCBuildConfiguration section */
		8F88F0EE2A1D96330053F70F /* Debug */ = {
			isa = XCBuildConfiguration;
			buildSettings = {
				ALWAYS_SEARCH_USER_PATHS = NO;
				CLANG_ANALYZER_NONNULL = YES;
				CLANG_ANALYZER_NUMBER_OBJECT_CONVERSION = YES_AGGRESSIVE;
				CLANG_CXX_LANGUAGE_STANDARD = "gnu++20";
				CLANG_ENABLE_MODULES = YES;
				CLANG_ENABLE_OBJC_ARC = YES;
				CLANG_ENABLE_OBJC_WEAK = YES;
				CLANG_WARN_BLOCK_CAPTURE_AUTORELEASING = YES;
				CLANG_WARN_BOOL_CONVERSION = YES;
				CLANG_WARN_COMMA = YES;
				CLANG_WARN_CONSTANT_CONVERSION = YES;
				CLANG_WARN_DEPRECATED_OBJC_IMPLEMENTATIONS = YES;
				CLANG_WARN_DIRECT_OBJC_ISA_USAGE = YES_ERROR;
				CLANG_WARN_DOCUMENTATION_COMMENTS = YES;
				CLANG_WARN_EMPTY_BODY = YES;
				CLANG_WARN_ENUM_CONVERSION = YES;
				CLANG_WARN_INFINITE_RECURSION = YES;
				CLANG_WARN_INT_CONVERSION = YES;
				CLANG_WARN_NON_LITERAL_NULL_CONVERSION = YES;
				CLANG_WARN_OBJC_IMPLICIT_RETAIN_SELF = YES;
				CLANG_WARN_OBJC_LITERAL_CONVERSION = YES;
				CLANG_WARN_OBJC_ROOT_CLASS = YES_ERROR;
				CLANG_WARN_QUOTED_INCLUDE_IN_FRAMEWORK_HEADER = YES;
				CLANG_WARN_RANGE_LOOP_ANALYSIS = YES;
				CLANG_WARN_STRICT_PROTOTYPES = YES;
				CLANG_WARN_SUSPICIOUS_MOVE = YES;
				CLANG_WARN_UNGUARDED_AVAILABILITY = YES_AGGRESSIVE;
				CLANG_WARN_UNREACHABLE_CODE = YES;
				CLANG_WARN__DUPLICATE_METHOD_MATCH = YES;
				COPY_PHASE_STRIP = NO;
				DEBUG_INFORMATION_FORMAT = dwarf;
				ENABLE_STRICT_OBJC_MSGSEND = YES;
				ENABLE_TESTABILITY = YES;
				GCC_C_LANGUAGE_STANDARD = gnu11;
				GCC_DYNAMIC_NO_PIC = NO;
				GCC_NO_COMMON_BLOCKS = YES;
				GCC_OPTIMIZATION_LEVEL = 0;
				GCC_PREPROCESSOR_DEFINITIONS = (
					"DEBUG=1",
					"$(inherited)",
				);
				GCC_WARN_64_TO_32_BIT_CONVERSION = YES;
				GCC_WARN_ABOUT_RETURN_TYPE = YES_ERROR;
				GCC_WARN_UNDECLARED_SELECTOR = YES;
				GCC_WARN_UNINITIALIZED_AUTOS = YES_AGGRESSIVE;
				GCC_WARN_UNUSED_FUNCTION = YES;
				GCC_WARN_UNUSED_VARIABLE = YES;
				IPHONEOS_DEPLOYMENT_TARGET = 16.0;
				MTL_ENABLE_DEBUG_INFO = INCLUDE_SOURCE;
				MTL_FAST_MATH = YES;
				ONLY_ACTIVE_ARCH = YES;
				SDKROOT = iphoneos;
				SWIFT_ACTIVE_COMPILATION_CONDITIONS = DEBUG;
				SWIFT_OPTIMIZATION_LEVEL = "-Onone";
			};
			name = Debug;
		};
		8F88F0EF2A1D96330053F70F /* Release */ = {
			isa = XCBuildConfiguration;
			buildSettings = {
				ALWAYS_SEARCH_USER_PATHS = NO;
				CLANG_ANALYZER_NONNULL = YES;
				CLANG_ANALYZER_NUMBER_OBJECT_CONVERSION = YES_AGGRESSIVE;
				CLANG_CXX_LANGUAGE_STANDARD = "gnu++20";
				CLANG_ENABLE_MODULES = YES;
				CLANG_ENABLE_OBJC_ARC = YES;
				CLANG_ENABLE_OBJC_WEAK = YES;
				CLANG_WARN_BLOCK_CAPTURE_AUTORELEASING = YES;
				CLANG_WARN_BOOL_CONVERSION = YES;
				CLANG_WARN_COMMA = YES;
				CLANG_WARN_CONSTANT_CONVERSION = YES;
				CLANG_WARN_DEPRECATED_OBJC_IMPLEMENTATIONS = YES;
				CLANG_WARN_DIRECT_OBJC_ISA_USAGE = YES_ERROR;
				CLANG_WARN_DOCUMENTATION_COMMENTS = YES;
				CLANG_WARN_EMPTY_BODY = YES;
				CLANG_WARN_ENUM_CONVERSION = YES;
				CLANG_WARN_INFINITE_RECURSION = YES;
				CLANG_WARN_INT_CONVERSION = YES;
				CLANG_WARN_NON_LITERAL_NULL_CONVERSION = YES;
				CLANG_WARN_OBJC_IMPLICIT_RETAIN_SELF = YES;
				CLANG_WARN_OBJC_LITERAL_CONVERSION = YES;
				CLANG_WARN_OBJC_ROOT_CLASS = YES_ERROR;
				CLANG_WARN_QUOTED_INCLUDE_IN_FRAMEWORK_HEADER = YES;
				CLANG_WARN_RANGE_LOOP_ANALYSIS = YES;
				CLANG_WARN_STRICT_PROTOTYPES = YES;
				CLANG_WARN_SUSPICIOUS_MOVE = YES;
				CLANG_WARN_UNGUARDED_AVAILABILITY = YES_AGGRESSIVE;
				CLANG_WARN_UNREACHABLE_CODE = YES;
				CLANG_WARN__DUPLICATE_METHOD_MATCH = YES;
				COPY_PHASE_STRIP = NO;
				DEBUG_INFORMATION_FORMAT = "dwarf-with-dsym";
				ENABLE_NS_ASSERTIONS = NO;
				ENABLE_STRICT_OBJC_MSGSEND = YES;
				GCC_C_LANGUAGE_STANDARD = gnu11;
				GCC_NO_COMMON_BLOCKS = YES;
				GCC_WARN_64_TO_32_BIT_CONVERSION = YES;
				GCC_WARN_ABOUT_RETURN_TYPE = YES_ERROR;
				GCC_WARN_UNDECLARED_SELECTOR = YES;
				GCC_WARN_UNINITIALIZED_AUTOS = YES_AGGRESSIVE;
				GCC_WARN_UNUSED_FUNCTION = YES;
				GCC_WARN_UNUSED_VARIABLE = YES;
				IPHONEOS_DEPLOYMENT_TARGET = 16.0;
				MTL_ENABLE_DEBUG_INFO = NO;
				MTL_FAST_MATH = YES;
				SDKROOT = iphoneos;
				SWIFT_COMPILATION_MODE = wholemodule;
				SWIFT_OPTIMIZATION_LEVEL = "-O";
				VALIDATE_PRODUCT = YES;
			};
			name = Release;
		};
		8F88F0F12A1D96330053F70F /* Debug */ = {
			isa = XCBuildConfiguration;
			buildSettings = {
				ASSETCATALOG_COMPILER_APPICON_NAME = AppIcon;
				ASSETCATALOG_COMPILER_GLOBAL_ACCENT_COLOR_NAME = AccentColor;
				CODE_SIGN_STYLE = Automatic;
				CURRENT_PROJECT_VERSION = 1;
				DEVELOPMENT_TEAM = 89BLGRU39K;
				GENERATE_INFOPLIST_FILE = YES;
				INFOPLIST_FILE = RxToDoList/Info.plist;
				INFOPLIST_KEY_UIApplicationSupportsIndirectInputEvents = YES;
				INFOPLIST_KEY_UILaunchStoryboardName = LaunchScreen;
				INFOPLIST_KEY_UIMainStoryboardFile = "";
				INFOPLIST_KEY_UISupportedInterfaceOrientations_iPad = "UIInterfaceOrientationPortrait UIInterfaceOrientationPortraitUpsideDown UIInterfaceOrientationLandscapeLeft UIInterfaceOrientationLandscapeRight";
				INFOPLIST_KEY_UISupportedInterfaceOrientations_iPhone = "UIInterfaceOrientationPortrait UIInterfaceOrientationLandscapeLeft UIInterfaceOrientationLandscapeRight";
				LD_RUNPATH_SEARCH_PATHS = (
					"$(inherited)",
					"@executable_path/Frameworks",
				);
				MARKETING_VERSION = 1.0;
				PRODUCT_BUNDLE_IDENTIFIER = com.hsuuuk.RxToDoList;
				PRODUCT_NAME = "$(TARGET_NAME)";
				SWIFT_EMIT_LOC_STRINGS = YES;
				SWIFT_VERSION = 5.0;
				TARGETED_DEVICE_FAMILY = "1,2";
			};
			name = Debug;
		};
		8F88F0F22A1D96330053F70F /* Release */ = {
			isa = XCBuildConfiguration;
			buildSettings = {
				ASSETCATALOG_COMPILER_APPICON_NAME = AppIcon;
				ASSETCATALOG_COMPILER_GLOBAL_ACCENT_COLOR_NAME = AccentColor;
				CODE_SIGN_STYLE = Automatic;
				CURRENT_PROJECT_VERSION = 1;
				DEVELOPMENT_TEAM = 89BLGRU39K;
				GENERATE_INFOPLIST_FILE = YES;
				INFOPLIST_FILE = RxToDoList/Info.plist;
				INFOPLIST_KEY_UIApplicationSupportsIndirectInputEvents = YES;
				INFOPLIST_KEY_UILaunchStoryboardName = LaunchScreen;
				INFOPLIST_KEY_UIMainStoryboardFile = "";
				INFOPLIST_KEY_UISupportedInterfaceOrientations_iPad = "UIInterfaceOrientationPortrait UIInterfaceOrientationPortraitUpsideDown UIInterfaceOrientationLandscapeLeft UIInterfaceOrientationLandscapeRight";
				INFOPLIST_KEY_UISupportedInterfaceOrientations_iPhone = "UIInterfaceOrientationPortrait UIInterfaceOrientationLandscapeLeft UIInterfaceOrientationLandscapeRight";
				LD_RUNPATH_SEARCH_PATHS = (
					"$(inherited)",
					"@executable_path/Frameworks",
				);
				MARKETING_VERSION = 1.0;
				PRODUCT_BUNDLE_IDENTIFIER = com.hsuuuk.RxToDoList;
				PRODUCT_NAME = "$(TARGET_NAME)";
				SWIFT_EMIT_LOC_STRINGS = YES;
				SWIFT_VERSION = 5.0;
				TARGETED_DEVICE_FAMILY = "1,2";
			};
			name = Release;
		};
/* End XCBuildConfiguration section */

/* Begin XCConfigurationList section */
		8F88F0D42A1D96310053F70F /* Build configuration list for PBXProject "RxToDoList" */ = {
			isa = XCConfigurationList;
			buildConfigurations = (
				8F88F0EE2A1D96330053F70F /* Debug */,
				8F88F0EF2A1D96330053F70F /* Release */,
			);
			defaultConfigurationIsVisible = 0;
			defaultConfigurationName = Release;
		};
		8F88F0F02A1D96330053F70F /* Build configuration list for PBXNativeTarget "RxToDoList" */ = {
			isa = XCConfigurationList;
			buildConfigurations = (
				8F88F0F12A1D96330053F70F /* Debug */,
				8F88F0F22A1D96330053F70F /* Release */,
			);
			defaultConfigurationIsVisible = 0;
			defaultConfigurationName = Release;
		};
/* End XCConfigurationList section */

/* Begin XCRemoteSwiftPackageReference section */
		8F4A28E32A1D9EDD00077CD9 /* XCRemoteSwiftPackageReference "Action" */ = {
			isa = XCRemoteSwiftPackageReference;
			repositoryURL = "https://github.com/RxSwiftCommunity/Action";
			requirement = {
				kind = upToNextMajorVersion;
				minimumVersion = 5.0.0;
			};
		};
		8F88F0FD2A1D96E60053F70F /* XCRemoteSwiftPackageReference "NSObject-Rx" */ = {
			isa = XCRemoteSwiftPackageReference;
			repositoryURL = "https://github.com/RxSwiftCommunity/NSObject-Rx";
			requirement = {
				kind = upToNextMajorVersion;
				minimumVersion = 5.0.0;
			};
		};
		8F88F1002A1D96F20053F70F /* XCRemoteSwiftPackageReference "RxDataSources" */ = {
			isa = XCRemoteSwiftPackageReference;
			repositoryURL = "https://github.com/RxSwiftCommunity/RxDataSources";
			requirement = {
				kind = upToNextMajorVersion;
				minimumVersion = 5.0.0;
			};
		};
		8F88F1032A1D97010053F70F /* XCRemoteSwiftPackageReference "RxSwift" */ = {
			isa = XCRemoteSwiftPackageReference;
			repositoryURL = "https://github.com/ReactiveX/RxSwift";
			requirement = {
				kind = upToNextMajorVersion;
				minimumVersion = 6.0.0;
			};
		};
		8FE04FDE2A1DBEFA00DD2D50 /* XCRemoteSwiftPackageReference "FSCalendar" */ = {
			isa = XCRemoteSwiftPackageReference;
			repositoryURL = "https://github.com/WenchaoD/FSCalendar";
			requirement = {
				kind = upToNextMajorVersion;
				minimumVersion = 2.0.0;
			};
		};
/* End XCRemoteSwiftPackageReference section */

/* Begin XCSwiftPackageProductDependency section */
		8F4A28E42A1D9EDD00077CD9 /* Action */ = {
			isa = XCSwiftPackageProductDependency;
			package = 8F4A28E32A1D9EDD00077CD9 /* XCRemoteSwiftPackageReference "Action" */;
			productName = Action;
		};
		8F88F0FE2A1D96E60053F70F /* NSObject-Rx */ = {
			isa = XCSwiftPackageProductDependency;
			package = 8F88F0FD2A1D96E60053F70F /* XCRemoteSwiftPackageReference "NSObject-Rx" */;
			productName = "NSObject-Rx";
		};
		8F88F1012A1D96F20053F70F /* RxDataSources */ = {
			isa = XCSwiftPackageProductDependency;
			package = 8F88F1002A1D96F20053F70F /* XCRemoteSwiftPackageReference "RxDataSources" */;
			productName = RxDataSources;
		};
		8F88F1042A1D97010053F70F /* RxCocoa */ = {
			isa = XCSwiftPackageProductDependency;
			package = 8F88F1032A1D97010053F70F /* XCRemoteSwiftPackageReference "RxSwift" */;
			productName = RxCocoa;
		};
		8F88F1062A1D97010053F70F /* RxSwift */ = {
			isa = XCSwiftPackageProductDependency;
			package = 8F88F1032A1D97010053F70F /* XCRemoteSwiftPackageReference "RxSwift" */;
			productName = RxSwift;
		};
		8FE04FDF2A1DBEFB00DD2D50 /* FSCalendar */ = {
			isa = XCSwiftPackageProductDependency;
			package = 8FE04FDE2A1DBEFA00DD2D50 /* XCRemoteSwiftPackageReference "FSCalendar" */;
			productName = FSCalendar;
		};
/* End XCSwiftPackageProductDependency section */

/* Begin XCVersionGroup section */
		8F88F0E52A1D96320053F70F /* RXToDoList.xcdatamodeld */ = {
			isa = XCVersionGroup;
			children = (
				8F88F0E62A1D96320053F70F /* RXToDoList.xcdatamodel */,
			);
			currentVersion = 8F88F0E62A1D96320053F70F /* RXToDoList.xcdatamodel */;
			path = RXToDoList.xcdatamodeld;
			sourceTree = "<group>";
			versionGroupType = wrapper.xcdatamodel;
		};
/* End XCVersionGroup section */
	};
	rootObject = 8F88F0D12A1D96310053F70F /* Project object */;
}
